PODS:
  - Expecta (1.0.6)
  - jkCircleImage (0.1.0)
  - Specta (1.0.7)

DEPENDENCIES:
  - Expecta
  - jkCircleImage (from `../`)
  - Specta

SPEC REPOS:
  https://github.com/cocoapods/specs.git:
    - Expecta
    - Specta

EXTERNAL SOURCES:
  jkCircleImage:
    :path: "../"

SPEC CHECKSUMS:
  Expecta: 3b6bd90a64b9a1dcb0b70aa0e10a7f8f631667d5
  jkCircleImage: f26c5d766a1c89581c452f3042f8944680ee25b6
  Specta: 3e1bd89c3517421982dc4d1c992503e48bd5fe66

PODFILE CHECKSUM: 8068d9379f77fead46ed640090d288616dad5c35

COCOAPODS: 1.5.3
